
Microsoft Visual Studio Solution File, Format Version 12.00
# Visual Studio 15
VisualStudioVersion = 15.0.27703.2018
MinimumVisualStudioVersion = 10.0.40219.1
Project("{FAE04EC0-301F-11D3-BF4B-00C04F79EFBC}") = "RadarAB2LImagem.Dominio", "RadarAB2LImagem.Dominio\RadarAB2LImagem.Dominio.csproj", "{509B12CA-4993-4257-839E-7AB55F2D1103}"
EndProject
Project("{FAE04EC0-301F-11D3-BF4B-00C04F79EFBC}") = "RadarAB2LImagem.Servicos", "RadarAB2LImagem.Servicos\RadarAB2LImagem.Servicos.csproj", "{BEF98203-8D5B-4362-89E3-A22CCE7EADCA}"
EndProject
Project("{FAE04EC0-301F-11D3-BF4B-00C04F79EFBC}") = "RadarAB2L.Util", "RadarAB2L.Util\RadarAB2L.Util.csproj", "{F1D28809-7113-4D9B-99E4-6BC66E54B0EE}"
EndProject
Project("{FAE04EC0-301F-11D3-BF4B-00C04F79EFBC}") = "RadarAB2L.Web", "RadarAB2L.Web\RadarAB2L.Web.csproj", "{AD9F8478-6890-445A-850D-DF6DF38428AA}"
EndProject
Project("{FAE04EC0-301F-11D3-BF4B-00C04F79EFBC}") = "RadarAB2L.GeradorImagemOffAssembly", "RadarAB2L.GeradorImagemOffAssembly\RadarAB2L.GeradorImagemOffAssembly.csproj", "{2705A727-2BC6-45D8-98B8-F14F7BC4391D}"
EndProject
Global
	GlobalSection(SolutionConfigurationPlatforms) = preSolution
		Debug|Any CPU = Debug|Any CPU
		Release|Any CPU = Release|Any CPU
	EndGlobalSection
	GlobalSection(ProjectConfigurationPlatforms) = postSolution
		{509B12CA-4993-4257-839E-7AB55F2D1103}.Debug|Any CPU.ActiveCfg = Debug|Any CPU
		{509B12CA-4993-4257-839E-7AB55F2D1103}.Debug|Any CPU.Build.0 = Debug|Any CPU
		{509B12CA-4993-4257-839E-7AB55F2D1103}.Release|Any CPU.ActiveCfg = Release|Any CPU
		{509B12CA-4993-4257-839E-7AB55F2D1103}.Release|Any CPU.Build.0 = Release|Any CPU
		{BEF98203-8D5B-4362-89E3-A22CCE7EADCA}.Debug|Any CPU.ActiveCfg = Debug|Any CPU
		{BEF98203-8D5B-4362-89E3-A22CCE7EADCA}.Debug|Any CPU.Build.0 = Debug|Any CPU
		{BEF98203-8D5B-4362-89E3-A22CCE7EADCA}.Release|Any CPU.ActiveCfg = Release|Any CPU
		{BEF98203-8D5B-4362-89E3-A22CCE7EADCA}.Release|Any CPU.Build.0 = Release|Any CPU
		{F1D28809-7113-4D9B-99E4-6BC66E54B0EE}.Debug|Any CPU.ActiveCfg = Debug|Any CPU
		{F1D28809-7113-4D9B-99E4-6BC66E54B0EE}.Debug|Any CPU.Build.0 = Debug|Any CPU
		{F1D28809-7113-4D9B-99E4-6BC66E54B0EE}.Release|Any CPU.ActiveCfg = Release|Any CPU
		{F1D28809-7113-4D9B-99E4-6BC66E54B0EE}.Release|Any CPU.Build.0 = Release|Any CPU
		{AD9F8478-6890-445A-850D-DF6DF38428AA}.Debug|Any CPU.ActiveCfg = Debug|Any CPU
		{AD9F8478-6890-445A-850D-DF6DF38428AA}.Debug|Any CPU.Build.0 = Debug|Any CPU
		{AD9F8478-6890-445A-850D-DF6DF38428AA}.Release|Any CPU.ActiveCfg = Release|Any CPU
		{AD9F8478-6890-445A-850D-DF6DF38428AA}.Release|Any CPU.Build.0 = Release|Any CPU
		{2705A727-2BC6-45D8-98B8-F14F7BC4391D}.Debug|Any CPU.ActiveCfg = Debug|x86
		{2705A727-2BC6-45D8-98B8-F14F7BC4391D}.Debug|Any CPU.Build.0 = Debug|x86
		{2705A727-2BC6-45D8-98B8-F14F7BC4391D}.Release|Any CPU.ActiveCfg = Release|x86
		{2705A727-2BC6-45D8-98B8-F14F7BC4391D}.Release|Any CPU.Build.0 = Release|x86
	EndGlobalSection
	GlobalSection(SolutionProperties) = preSolution
		HideSolutionNode = FALSE
	EndGlobalSection
	GlobalSection(ExtensibilityGlobals) = postSolution
		SolutionGuid = {4B140315-7A8F-40D6-8570-5A7783DAD56C}
	EndGlobalSection
EndGlobal
